
Microsoft Visual Studio Solution File, Format Version 12.00
# Visual Studio Version 17
VisualStudioVersion = 17.1.32228.430
MinimumVisualStudioVersion = 10.0.40219.1
Project("{9A19103F-16F7-4668-BE54-9A1E7A4F7556}") = "PremiumCalculator", "PremiumCalculator\PremiumCalculator.csproj", "{179974E0-EDDC-4362-873F-7C2B2FA84C83}"
EndProject
Project("{2150E333-8FDC-42A3-9474-1A3956D46DE8}") = "Solution Items", "Solution Items", "{F26DBB3E-1F5F-4D0B-9C9A-DAFCFEA3ADA7}"
	ProjectSection(SolutionItems) = preProject
		.editorconfig = .editorconfig
	EndProjectSection
EndProject
Global
	GlobalSection(SolutionConfigurationPlatforms) = preSolution
		Debug|Any CPU = Debug|Any CPU
		Release|Any CPU = Release|Any CPU
	EndGlobalSection
	GlobalSection(ProjectConfigurationPlatforms) = postSolution
		{179974E0-EDDC-4362-873F-7C2B2FA84C83}.Debug|Any CPU.ActiveCfg = Debug|Any CPU
		{179974E0-EDDC-4362-873F-7C2B2FA84C83}.Debug|Any CPU.Build.0 = Debug|Any CPU
		{179974E0-EDDC-4362-873F-7C2B2FA84C83}.Release|Any CPU.ActiveCfg = Release|Any CPU
		{179974E0-EDDC-4362-873F-7C2B2FA84C83}.Release|Any CPU.Build.0 = Release|Any CPU
	EndGlobalSection
	GlobalSection(SolutionProperties) = preSolution
		HideSolutionNode = FALSE
	EndGlobalSection
	GlobalSection(ExtensibilityGlobals) = postSolution
		SolutionGuid = {2D2F4BCF-9713-43C7-AABA-4D3621ED53D1}
	EndGlobalSection
EndGlobal
